{
  "lockfileVersion": 1,
  "configVersion": 1,
  "workspaces": {
    "": {
      "name": "rk86",
      "dependencies": {
        "twig": "latest",
      },
    },
  },
  "packages": {
    "@babel/runtime": ["@babel/runtime@7.29.2", "", {}, "sha512-JiDShH45zKHWyGe4ZNVRrCjBz8Nh9TMmZG1kh4QTK8hCBTWBi8Da+i7s1fJw7/lYpM4ccepSNfqzZ/QvABBi5g=="],

    "balanced-match": ["balanced-match@4.0.4", "", {}, "sha512-BLrgEcRTwX2o6gGxGOCNyMvGSp35YofuYzw9h1IMTRmKqttAZZVU67bdb9Pr2vUHA8+j3i2tJfjO6C6+4myGTA=="],

    "brace-expansion": ["brace-expansion@5.0.5", "", { "dependencies": { "balanced-match": "^4.0.2" } }, "sha512-VZznLgtwhn+Mact9tfiwx64fA9erHH/MCXEUfB/0bX/6Fz6ny5EGTXYltMocqg4xFAQZtnO3DHWWXi8RiuN7cQ=="],

    "foreachasync": ["foreachasync@3.0.0", "", {}, "sha512-J+ler7Ta54FwwNcx6wQRDhTIbNeyDcARMkOcguEqnEdtm0jKvN3Li3PDAb2Du3ubJYEWfYL83XMROXdsXAXycw=="],

    "locutus": ["locutus@3.0.34", "", {}, "sha512-q8sKVNKHc9g5nv3g1cHf5H1Nw2ciRYrv0Zl5SnCauX9mvkKG1RxWnB5JhYDlfxUJcRDcZ7IoeqjMLVSW+uwLAA=="],

    "minimatch": ["minimatch@10.2.5", "", { "dependencies": { "brace-expansion": "^5.0.5" } }, "sha512-MULkVLfKGYDFYejP07QOurDLLQpcjk7Fw+7jXS2R2czRQzR56yHRveU5NDJEOviH+hETZKSkIk5c+T23GjFUMg=="],

    "twig": ["twig@3.0.0", "", { "dependencies": { "@babel/runtime": "^7.8.4", "locutus": "^3.0.9", "minimatch": "^10", "walk": "2.3.x" }, "bin": { "twigjs": "bin/twigjs" } }, "sha512-cMfYLWAgdW15B7L5wmanmga113e4phQmo3rk5EFuUrQd99g7I3ncxgynS38P01m4ZXBDSdMYUTV1g3A66/Y56Q=="],

    "walk": ["walk@2.3.15", "", { "dependencies": { "foreachasync": "^3.0.0" } }, "sha512-4eRTBZljBfIISK1Vnt69Gvr2w/wc3U6Vtrw7qiN5iqYJPH7LElcYh/iU4XWhdCy2dZqv1ToMyYlybDylfG/5Vg=="],
  }
}
